# This file is automatically @generated by Poetry 1.8.3 and should not be changed by hand.

[[package]]
name = "docstring-parser"
version = "0.16"
description = "Parse Python docstrings in reST, Google and Numpydoc format"
optional = false
python-versions = ">=3.6,<4.0"
files = [
    {file = "docstring_parser-0.16-py3-none-any.whl", hash = "sha256:bf0a1387354d3691d102edef7ec124f219ef639982d096e26e3b60aeffa90637"},
    {file = "docstring_parser-0.16.tar.gz", hash = "sha256:538beabd0af1e2db0146b6bd3caa526c35a34d61af9fd2887f3a8a27a739aa6e"},
]

[[package]]
name = "mailbox"
version = "0.4"
description = "Python IMAP for Humans"
optional = false
python-versions = "*"
files = [
    {file = "mailbox-0.4.tar.gz", hash = "sha256:f9bf9679932f7a245902d33924dff11485bcf49cac0526f1a5eb9550bc510d73"},
]

[[package]]
name = "mistune"
version = "3.0.2"
description = "A sane and fast Markdown parser with useful plugins and renderers"
optional = false
python-versions = ">=3.7"
files = [
    {file = "mistune-3.0.2-py3-none-any.whl", hash = "sha256:71481854c30fdbc938963d3605b72501f5c10a9320ecd412c121c163a1c7d205"},
    {file = "mistune-3.0.2.tar.gz", hash = "sha256:fc7f93ded930c92394ef2cb6f04a8aabab4117a91449e72dcc8dfa646a508be8"},
]

[[package]]
name = "nh3"
version = "0.2.18"
description = "Python bindings to the ammonia HTML sanitization library."
optional = false
python-versions = "*"
files = [
    {file = "nh3-0.2.18-cp37-abi3-macosx_10_12_x86_64.macosx_11_0_arm64.macosx_10_12_universal2.whl", hash = "sha256:14c5a72e9fe82aea5fe3072116ad4661af5cf8e8ff8fc5ad3450f123e4925e86"},
    {file = "nh3-0.2.18-cp37-abi3-macosx_10_12_x86_64.whl", hash = "sha256:7b7c2a3c9eb1a827d42539aa64091640bd275b81e097cd1d8d82ef91ffa2e811"},
    {file = "nh3-0.2.18-cp37-abi3-manylinux_2_17_aarch64.manylinux2014_aarch64.whl", hash = "sha256:42c64511469005058cd17cc1537578eac40ae9f7200bedcfd1fc1a05f4f8c200"},
    {file = "nh3-0.2.18-cp37-abi3-manylinux_2_17_armv7l.manylinux2014_armv7l.whl", hash = "sha256:0411beb0589eacb6734f28d5497ca2ed379eafab8ad8c84b31bb5c34072b7164"},
    {file = "nh3-0.2.18-cp37-abi3-manylinux_2_17_ppc64.manylinux2014_ppc64.whl", hash = "sha256:5f36b271dae35c465ef5e9090e1fdaba4a60a56f0bb0ba03e0932a66f28b9189"},
    {file = "nh3-0.2.18-cp37-abi3-manylinux_2_17_ppc64le.manylinux2014_ppc64le.whl", hash = "sha256:34c03fa78e328c691f982b7c03d4423bdfd7da69cd707fe572f544cf74ac23ad"},
    {file = "nh3-0.2.18-cp37-abi3-manylinux_2_17_s390x.manylinux2014_s390x.whl", hash = "sha256:19aaba96e0f795bd0a6c56291495ff59364f4300d4a39b29a0abc9cb3774a84b"},
    {file = "nh3-0.2.18-cp37-abi3-manylinux_2_17_x86_64.manylinux2014_x86_64.whl", hash = "sha256:de3ceed6e661954871d6cd78b410213bdcb136f79aafe22aa7182e028b8c7307"},
    {file = "nh3-0.2.18-cp37-abi3-manylinux_2_5_i686.manylinux1_i686.whl", hash = "sha256:6955369e4d9f48f41e3f238a9e60f9410645db7e07435e62c6a9ea6135a4907f"},
    {file = "nh3-0.2.18-cp37-abi3-musllinux_1_2_aarch64.whl", hash = "sha256:f0eca9ca8628dbb4e916ae2491d72957fdd35f7a5d326b7032a345f111ac07fe"},
    {file = "nh3-0.2.18-cp37-abi3-musllinux_1_2_armv7l.whl", hash = "sha256:3a157ab149e591bb638a55c8c6bcb8cdb559c8b12c13a8affaba6cedfe51713a"},
    {file = "nh3-0.2.18-cp37-abi3-musllinux_1_2_i686.whl", hash = "sha256:c8b3a1cebcba9b3669ed1a84cc65bf005728d2f0bc1ed2a6594a992e817f3a50"},
    {file = "nh3-0.2.18-cp37-abi3-musllinux_1_2_x86_64.whl", hash = "sha256:36c95d4b70530b320b365659bb5034341316e6a9b30f0b25fa9c9eff4c27a204"},
    {file = "nh3-0.2.18-cp37-abi3-win32.whl", hash = "sha256:a7f1b5b2c15866f2db413a3649a8fe4fd7b428ae58be2c0f6bca5eefd53ca2be"},
    {file = "nh3-0.2.18-cp37-abi3-win_amd64.whl", hash = "sha256:8ce0f819d2f1933953fca255db2471ad58184a60508f03e6285e5114b6254844"},
    {file = "nh3-0.2.18.tar.gz", hash = "sha256:94a166927e53972a9698af9542ace4e38b9de50c34352b962f4d9a7d4c927af4"},
]

[[package]]
name = "simple-parsing"
version = "0.1.5"
description = "A small utility for simplifying and cleaning up argument parsing scripts."
optional = false
python-versions = ">=3.7"
files = [
    {file = "simple_parsing-0.1.5-py3-none-any.whl", hash = "sha256:46f35ed7002f9bb25dca3a49eac491cc78d2140e4adcbe156225ae643c2874ea"},
    {file = "simple_parsing-0.1.5.tar.gz", hash = "sha256:d26ac15be5173cf28174e171a68153c11e462ad2cb3c23d3ad8634b00719d1fc"},
]

[package.dependencies]
docstring-parser = ">=0.15,<1.0"
typing-extensions = ">=4.5.0"

[package.extras]
all = ["numpy", "pytest", "pytest-benchmark", "pytest-regressions", "pytest-xdist", "pyyaml", "tomli", "tomli-w"]
test = ["numpy", "pytest", "pytest-benchmark", "pytest-regressions", "pytest-xdist"]
toml = ["tomli", "tomli-w"]
yaml = ["pyyaml"]

[[package]]
name = "typing-extensions"
version = "4.12.2"
description = "Backported and Experimental Type Hints for Python 3.8+"
optional = false
python-versions = ">=3.8"
files = [
    {file = "typing_extensions-4.12.2-py3-none-any.whl", hash = "sha256:04e5ca0351e0f3f85c6853954072df659d0d13fac324d0072316b67d7794700d"},
    {file = "typing_extensions-4.12.2.tar.gz", hash = "sha256:1a7ead55c7e559dd4dee8856e3a88b41225abfe1ce8df57b7c13915fe121ffb8"},
]

[metadata]
lock-version = "2.0"
python-versions = "^3.11"
content-hash = "b36c67ab4d98d79a12f3b1dc4153ecb76d87e9325e86f52ae56ea99c0561e5c6"
