# This file is automatically @generated by Poetry 1.8.3 and should not be changed by hand.

[[package]]
name = "docstring-parser"
version = "0.16"
description = "Parse Python docstrings in reST, Google and Numpydoc format"
optional = false
python-versions = ">=3.6,<4.0"
files = [
    {file = "docstring_parser-0.16-py3-none-any.whl", hash = "sha256:bf0a1387354d3691d102edef7ec124f219ef639982d096e26e3b60aeffa90637"},
    {file = "docstring_parser-0.16.tar.gz", hash = "sha256:538beabd0af1e2db0146b6bd3caa526c35a34d61af9fd2887f3a8a27a739aa6e"},
]

[[package]]
name = "mailbox"
version = "0.4"
description = "Python IMAP for Humans"
optional = false
python-versions = "*"
files = [
    {file = "mailbox-0.4.tar.gz", hash = "sha256:f9bf9679932f7a245902d33924dff11485bcf49cac0526f1a5eb9550bc510d73"},
]

[[package]]
name = "mistune"
version = "3.0.2"
description = "A sane and fast Markdown parser with useful plugins and renderers"
optional = false
python-versions = ">=3.7"
files = [
    {file = "mistune-3.0.2-py3-none-any.whl", hash = "sha256:71481854c30fdbc938963d3605b72501f5c10a9320ecd412c121c163a1c7d205"},
    {file = "mistune-3.0.2.tar.gz", hash = "sha256:fc7f93ded930c92394ef2cb6f04a8aabab4117a91449e72dcc8dfa646a508be8"},
]

[[package]]
name = "py-markdown-table"
version = "1.1.0"
description = "Package that generates markdown tables from a list of dicts"
optional = false
python-versions = "<4.0,>=3.8"
files = [
    {file = "py_markdown_table-1.1.0-py3-none-any.whl", hash = "sha256:51f799849d8bf56716bea5e9137e7eade16d114b8076a6aded470c7e353b64ce"},
    {file = "py_markdown_table-1.1.0.tar.gz", hash = "sha256:c1a290a128602ecf732cc05e4fe5192101a8f17b09603b30970281c1dd226b82"},
]

[[package]]
name = "simple-parsing"
version = "0.1.5"
description = "A small utility for simplifying and cleaning up argument parsing scripts."
optional = false
python-versions = ">=3.7"
files = [
    {file = "simple_parsing-0.1.5-py3-none-any.whl", hash = "sha256:46f35ed7002f9bb25dca3a49eac491cc78d2140e4adcbe156225ae643c2874ea"},
    {file = "simple_parsing-0.1.5.tar.gz", hash = "sha256:d26ac15be5173cf28174e171a68153c11e462ad2cb3c23d3ad8634b00719d1fc"},
]

[package.dependencies]
docstring-parser = ">=0.15,<1.0"
typing-extensions = ">=4.5.0"

[package.extras]
all = ["numpy", "pytest", "pytest-benchmark", "pytest-regressions", "pytest-xdist", "pyyaml", "tomli", "tomli-w"]
test = ["numpy", "pytest", "pytest-benchmark", "pytest-regressions", "pytest-xdist"]
toml = ["tomli", "tomli-w"]
yaml = ["pyyaml"]

[[package]]
name = "typing-extensions"
version = "4.12.2"
description = "Backported and Experimental Type Hints for Python 3.8+"
optional = false
python-versions = ">=3.8"
files = [
    {file = "typing_extensions-4.12.2-py3-none-any.whl", hash = "sha256:04e5ca0351e0f3f85c6853954072df659d0d13fac324d0072316b67d7794700d"},
    {file = "typing_extensions-4.12.2.tar.gz", hash = "sha256:1a7ead55c7e559dd4dee8856e3a88b41225abfe1ce8df57b7c13915fe121ffb8"},
]

[metadata]
lock-version = "2.0"
python-versions = "^3.11"
content-hash = "a01c3066064dcbb0e8c33c7bf6e412d43705b88660116d60b83c2ea24dd77e2f"
